# Fully pinned dependency lock. Install with:  pip install -r requirements.lock
# Do not edit by hand -- regenerate from requirements.txt (see that file).
annotated-types==0.8.0
anyascii==0.3.3
asgiref==3.12.1
beautifulsoup4==4.15.0
brotli==1.2.0
certifi==2026.7.22
cffi==2.1.1
charset-normalizer==3.5.1
cssselect2==0.10.1
defusedxml==0.7.1
Django==5.2.17
django-filter==26.1
django-modelcluster==6.5
django-ninja==1.6.3
django-permissionedforms==0.1
django-stubs-ext==6.1.0
django-taggit==6.1.0
django-tasks==0.12.0
django-treebeard==5.3.1
djangorestframework==3.18.0
draftjs_exporter==5.2.0
et_xmlfile==2.0.0
filetype==1.2.0
fonttools==4.64.0
idna==3.19
laces==0.1.2
modelsearch==1.3.2
openpyxl==3.1.5
pillow==12.3.0
pillow_heif==1.5.0
psycopg==3.3.4
psycopg-binary==3.3.4
pycparser==3.0
pydantic==2.13.4
pydantic_core==2.46.4
pydyf==0.12.1
pyphen==0.18.1
python-dotenv==1.2.3
requests==2.34.2
soupsieve==2.9.2
sqlparse==0.6.0
swapper==1.4.0
telepath==0.3.1
tinycss2==1.5.1
tinyhtml5==2.1.0
typing-inspection==0.4.4
typing_extensions==4.16.0
urllib3==2.7.0
wagtail==7.4.3
weasyprint==70.0
webencodings==0.6.1
Willow==1.12.0
zopfli==0.4.3
